
Microsoft Visual Studio Solution File, Format Version 12.00
# Visual Studio Version 17
VisualStudioVersion = 17.14.36804.6 d17.14
MinimumVisualStudioVersion = 10.0.40219.1
Project("{FAE04EC0-301F-11D3-BF4B-00C04F79EFBC}") = "ProjetoVetAdopt.Api", "ProjetoVetAdopt.Api.csproj", "{4045D467-7C82-44C9-99F2-E174031F563C}"
EndProject
Global
	GlobalSection(SolutionConfigurationPlatforms) = preSolution
		Debug|Any CPU = Debug|Any CPU
		Release|Any CPU = Release|Any CPU
	EndGlobalSection
	GlobalSection(ProjectConfigurationPlatforms) = postSolution
		{4045D467-7C82-44C9-99F2-E174031F563C}.Debug|Any CPU.ActiveCfg = Debug|Any CPU
		{4045D467-7C82-44C9-99F2-E174031F563C}.Debug|Any CPU.Build.0 = Debug|Any CPU
		{4045D467-7C82-44C9-99F2-E174031F563C}.Release|Any CPU.ActiveCfg = Release|Any CPU
		{4045D467-7C82-44C9-99F2-E174031F563C}.Release|Any CPU.Build.0 = Release|Any CPU
	EndGlobalSection
	GlobalSection(SolutionProperties) = preSolution
		HideSolutionNode = FALSE
	EndGlobalSection
	GlobalSection(ExtensibilityGlobals) = postSolution
		SolutionGuid = {F9B0ABCD-A392-48D1-ADA3-9D3306E3ABC8}
	EndGlobalSection
EndGlobal
